
Microsoft Visual Studio Solution File, Format Version 12.00
# Visual Studio Version 17
VisualStudioVersion = 17.6.33723.286
MinimumVisualStudioVersion = 10.0.40219.1
Project("{9A19103F-16F7-4668-BE54-9A1E7A4F7556}") = "StrideSourceGenerator", "..\StrideSourceGenerator\StrideSourceGenerator.csproj", "{F73B6369-D3E9-435C-8902-4594AF0CE933}"
EndProject
Project("{9A19103F-16F7-4668-BE54-9A1E7A4F7556}") = "StrideSourceGened", "StrideSourceGened.csproj", "{B3A88B3B-E85F-44A2-9536-8F60767D5AAE}"
EndProject
Project("{9A19103F-16F7-4668-BE54-9A1E7A4F7556}") = "YamlDotNet", "..\NexStandard\YamlDotNet\YamlDotNet\YamlDotNet.csproj", "{01E68F1B-F6E9-484E-8FA3-45BA341DCAB1}"
EndProject
Project("{9A19103F-16F7-4668-BE54-9A1E7A4F7556}") = "VYaml.Core", "..\..\..\..\..\Godot\NexVYaml\VYaml.Core\VYaml.Core.csproj", "{36BAF1EB-3A1C-4397-B85B-88AEA647A185}"
EndProject
Project("{9A19103F-16F7-4668-BE54-9A1E7A4F7556}") = "VYaml.Annotations", "..\..\..\..\..\Godot\NexVYaml\VYaml.Annotations\VYaml.Annotations.csproj", "{DF269E36-9C11-4E27-99A4-CAF9BD6974B1}"
EndProject
Global
	GlobalSection(SolutionConfigurationPlatforms) = preSolution
		Debug|Any CPU = Debug|Any CPU
		Release|Any CPU = Release|Any CPU
	EndGlobalSection
	GlobalSection(ProjectConfigurationPlatforms) = postSolution
		{F73B6369-D3E9-435C-8902-4594AF0CE933}.Debug|Any CPU.ActiveCfg = Release|Any CPU
		{F73B6369-D3E9-435C-8902-4594AF0CE933}.Debug|Any CPU.Build.0 = Release|Any CPU
		{F73B6369-D3E9-435C-8902-4594AF0CE933}.Release|Any CPU.ActiveCfg = Release|Any CPU
		{F73B6369-D3E9-435C-8902-4594AF0CE933}.Release|Any CPU.Build.0 = Release|Any CPU
		{B3A88B3B-E85F-44A2-9536-8F60767D5AAE}.Debug|Any CPU.ActiveCfg = Debug|Any CPU
		{B3A88B3B-E85F-44A2-9536-8F60767D5AAE}.Debug|Any CPU.Build.0 = Debug|Any CPU
		{B3A88B3B-E85F-44A2-9536-8F60767D5AAE}.Release|Any CPU.ActiveCfg = Release|Any CPU
		{B3A88B3B-E85F-44A2-9536-8F60767D5AAE}.Release|Any CPU.Build.0 = Release|Any CPU
		{01E68F1B-F6E9-484E-8FA3-45BA341DCAB1}.Debug|Any CPU.ActiveCfg = Debug|Any CPU
		{01E68F1B-F6E9-484E-8FA3-45BA341DCAB1}.Debug|Any CPU.Build.0 = Debug|Any CPU
		{01E68F1B-F6E9-484E-8FA3-45BA341DCAB1}.Release|Any CPU.ActiveCfg = Release|Any CPU
		{01E68F1B-F6E9-484E-8FA3-45BA341DCAB1}.Release|Any CPU.Build.0 = Release|Any CPU
		{36BAF1EB-3A1C-4397-B85B-88AEA647A185}.Debug|Any CPU.ActiveCfg = Debug|Any CPU
		{36BAF1EB-3A1C-4397-B85B-88AEA647A185}.Debug|Any CPU.Build.0 = Debug|Any CPU
		{36BAF1EB-3A1C-4397-B85B-88AEA647A185}.Release|Any CPU.ActiveCfg = Release|Any CPU
		{36BAF1EB-3A1C-4397-B85B-88AEA647A185}.Release|Any CPU.Build.0 = Release|Any CPU
		{DF269E36-9C11-4E27-99A4-CAF9BD6974B1}.Debug|Any CPU.ActiveCfg = Debug|Any CPU
		{DF269E36-9C11-4E27-99A4-CAF9BD6974B1}.Debug|Any CPU.Build.0 = Debug|Any CPU
		{DF269E36-9C11-4E27-99A4-CAF9BD6974B1}.Release|Any CPU.ActiveCfg = Release|Any CPU
		{DF269E36-9C11-4E27-99A4-CAF9BD6974B1}.Release|Any CPU.Build.0 = Release|Any CPU
	EndGlobalSection
	GlobalSection(SolutionProperties) = preSolution
		HideSolutionNode = FALSE
	EndGlobalSection
	GlobalSection(ExtensibilityGlobals) = postSolution
		SolutionGuid = {291195A9-7340-4154-9E32-FA40635F4F5E}
	EndGlobalSection
EndGlobal
